
Microsoft Visual Studio Solution File, Format Version 12.00
# Visual Studio Version 17
VisualStudioVersion = 17.11.35303.130
MinimumVisualStudioVersion = 10.0.40219.1
Project("{FAE04EC0-301F-11D3-BF4B-00C04F79EFBC}") = "Recursive search", "Recursive search\Recursive search.csproj", "{AAF6F6FB-3077-4CC1-B81C-BCF211DCE456}"
EndProject
Global
	GlobalSection(SolutionConfigurationPlatforms) = preSolution
		Debug|Any CPU = Debug|Any CPU
		Release|Any CPU = Release|Any CPU
	EndGlobalSection
	GlobalSection(ProjectConfigurationPlatforms) = postSolution
		{AAF6F6FB-3077-4CC1-B81C-BCF211DCE456}.Debug|Any CPU.ActiveCfg = Debug|Any CPU
		{AAF6F6FB-3077-4CC1-B81C-BCF211DCE456}.Debug|Any CPU.Build.0 = Debug|Any CPU
		{AAF6F6FB-3077-4CC1-B81C-BCF211DCE456}.Release|Any CPU.ActiveCfg = Release|Any CPU
		{AAF6F6FB-3077-4CC1-B81C-BCF211DCE456}.Release|Any CPU.Build.0 = Release|Any CPU
	EndGlobalSection
	GlobalSection(SolutionProperties) = preSolution
		HideSolutionNode = FALSE
	EndGlobalSection
	GlobalSection(ExtensibilityGlobals) = postSolution
		SolutionGuid = {D3AEC754-7A63-4457-B210-D46D2B5C956E}
	EndGlobalSection
EndGlobal
